<?xml version="1.0" encoding="UTF-8"?>
<CONFIG>
  <ProjectOptions>
    <Version Value="12"/>
    <General>
      <Title Value="Sistema de Pesaje"/>
      <ResourceType Value="res"/>
    </General>
    <BuildModes>
      <Item Name="default" Default="True"/>
    </BuildModes>
    <PublishOptions>
      <Version Value="2"/>
      <UseFileFilters Value="True"/>
    </PublishOptions>
    <RunParams>
      <FormatVersion Value="2"/>
    </RunParams>
    <RequiredPackages>
      <Item>
        <PackageName Value="SQLDBLaz"/>
      </Item>
      <Item>
        <PackageName Value="laz_synapse"/>
      </Item>
    </RequiredPackages>
    <Units>
      <Unit>
        <Filename Value="pesaje.lpr"/>
        <IsPartOfProject Value="True"/>
        <UnitName Value="Pesaje"/>
        <EditorIndex Value="6"/>
        <UsageCount Value="133"/>
        <Loaded Value="True"/>
      </Unit>
      <Unit>
        <Filename Value="src/database/DataModule.pas"/>
        <IsPartOfProject Value="True"/>
        <ComponentName Value="DM"/>
        <HasResources Value="True"/>
        <ResourceBaseClass Value="DataModule"/>
        <EditorIndex Value="7"/>
        <TopLine Value="92"/>
        <CursorPos Y="104"/>
        <UsageCount Value="133"/>
        <Loaded Value="True"/>
        <LoadedDesigner Value="True"/>
      </Unit>
      <Unit>
        <Filename Value="src/auth/AuthService.pas"/>
        <IsPartOfProject Value="True"/>
        <UsageCount Value="133"/>
      </Unit>
      <Unit>
        <Filename Value="src/auth/LoginForm.pas"/>
        <IsPartOfProject Value="True"/>
        <ComponentName Value="frmLogin"/>
        <HasResources Value="True"/>
        <ResourceBaseClass Value="Form"/>
        <EditorIndex Value="4"/>
        <UsageCount Value="133"/>
        <Loaded Value="True"/>
        <LoadedDesigner Value="True"/>
      </Unit>
      <Unit>
        <Filename Value="src/forms/MainForm.pas"/>
        <IsPartOfProject Value="True"/>
        <ComponentName Value="frmMain"/>
        <HasResources Value="True"/>
        <ResourceBaseClass Value="Form"/>
        <EditorIndex Value="1"/>
        <UsageCount Value="133"/>
        <Loaded Value="True"/>
      </Unit>
      <Unit>
        <Filename Value="src/forms/PesajeFrame.pas"/>
        <IsPartOfProject Value="True"/>
        <ComponentName Value="FramePesaje"/>
        <HasResources Value="True"/>
        <ResourceBaseClass Value="Frame"/>
        <IsVisibleTab Value="True"/>
        <EditorIndex Value="8"/>
        <TopLine Value="267"/>
        <CursorPos X="31" Y="276"/>
        <UsageCount Value="133"/>
        <Loaded Value="True"/>
      </Unit>
      <Unit>
        <Filename Value="src/forms/DashboardFrame.pas"/>
        <IsPartOfProject Value="True"/>
        <ComponentName Value="FrameDashboard"/>
        <HasResources Value="True"/>
        <UsageCount Value="133"/>
      </Unit>
      <Unit>
        <Filename Value="src/forms/VehiculosFrame.pas"/>
        <IsPartOfProject Value="True"/>
        <ComponentName Value="FrameVehiculos"/>
        <HasResources Value="True"/>
        <UsageCount Value="133"/>
      </Unit>
      <Unit>
        <Filename Value="src/forms/ChoferesFrame.pas"/>
        <IsPartOfProject Value="True"/>
        <ComponentName Value="FrameChoferes"/>
        <HasResources Value="True"/>
        <UsageCount Value="133"/>
      </Unit>
      <Unit>
        <Filename Value="src/forms/ProveedoresFrame.pas"/>
        <IsPartOfProject Value="True"/>
        <ComponentName Value="FrameProveedores"/>
        <HasResources Value="True"/>
        <UsageCount Value="133"/>
      </Unit>
      <Unit>
        <Filename Value="src/forms/UsuariosFrame.pas"/>
        <IsPartOfProject Value="True"/>
        <ComponentName Value="FrameUsuarios"/>
        <HasResources Value="True"/>
        <ResourceBaseClass Value="Frame"/>
        <EditorIndex Value="3"/>
        <TopLine Value="79"/>
        <CursorPos X="7" Y="87"/>
        <UsageCount Value="133"/>
        <Loaded Value="True"/>
      </Unit>
      <Unit>
        <Filename Value="src/forms/AbmSimpleFrame.pas"/>
        <IsPartOfProject Value="True"/>
        <ComponentName Value="FrameAbmSimple"/>
        <HasResources Value="True"/>
        <UsageCount Value="133"/>
      </Unit>
      <Unit>
        <Filename Value="src/utils/Utils.pas"/>
        <IsPartOfProject Value="True"/>
        <UsageCount Value="133"/>
      </Unit>
      <Unit>
        <Filename Value="../../fpcupdeluxe/lazarus/lcl/interfaces/cocoa/cocoaapplication.pas"/>
        <UnitName Value="CocoaApplication"/>
        <TopLine Value="475"/>
        <CursorPos Y="486"/>
        <UsageCount Value="66"/>
        <Loaded Value="True"/>
      </Unit>
      <Unit>
        <Filename Value="../../fpcupdeluxe/lazarus/lcl/include/control.inc"/>
        <EditorIndex Value="10"/>
        <TopLine Value="4010"/>
        <CursorPos Y="4010"/>
        <UsageCount Value="60"/>
        <Loaded Value="True"/>
      </Unit>
      <Unit>
        <Filename Value="src/forms/PesajeFrame.lfm"/>
        <EditorIndex Value="9"/>
        <UsageCount Value="52"/>
        <Loaded Value="True"/>
        <DefaultSyntaxHighlighter Value="LFM"/>
      </Unit>
      <Unit>
        <Filename Value="src/forms/EmpresasFrame.pas"/>
        <IsPartOfProject Value="True"/>
        <ComponentName Value="FrameEmpresas"/>
        <HasResources Value="True"/>
        <ResourceBaseClass Value="Frame"/>
        <EditorIndex Value="2"/>
        <TopLine Value="676"/>
        <CursorPos X="30" Y="685"/>
        <UsageCount Value="65"/>
        <Loaded Value="True"/>
      </Unit>
      <Unit>
        <Filename Value="src/auth/LoginForm.lfm"/>
        <EditorIndex Value="5"/>
        <UsageCount Value="34"/>
        <Loaded Value="True"/>
        <DefaultSyntaxHighlighter Value="LFM"/>
      </Unit>
    </Units>
    <JumpHistory HistoryIndex="29">
      <Position>
        <Filename Value="src/forms/PesajeFrame.pas"/>
        <Caret Line="142" TopLine="130"/>
      </Position>
      <Position>
        <Filename Value="src/forms/MainForm.pas"/>
        <Caret Line="61" TopLine="50"/>
      </Position>
      <Position>
        <Filename Value="src/forms/MainForm.pas"/>
        <Caret Line="69" Column="60" TopLine="50"/>
      </Position>
      <Position>
        <Filename Value="src/forms/MainForm.pas"/>
        <Caret Line="150" Column="3" TopLine="137"/>
      </Position>
      <Position>
        <Filename Value="src/forms/MainForm.pas"/>
        <Caret Line="283" Column="3" TopLine="274"/>
      </Position>
      <Position>
        <Filename Value="src/auth/LoginForm.pas"/>
        <Caret Line="61" Column="26"/>
      </Position>
      <Position>
        <Filename Value="src/auth/LoginForm.pas"/>
        <Caret Line="56" Column="21" TopLine="33"/>
      </Position>
      <Position>
        <Filename Value="src/auth/LoginForm.pas"/>
        <Caret Line="32" Column="35" TopLine="18"/>
      </Position>
      <Position>
        <Filename Value="src/auth/LoginForm.pas"/>
        <Caret Column="11"/>
      </Position>
      <Position>
        <Filename Value="src/auth/LoginForm.pas"/>
        <Caret Line="10" Column="20"/>
      </Position>
      <Position>
        <Filename Value="src/auth/LoginForm.pas"/>
        <Caret Column="11"/>
      </Position>
      <Position>
        <Filename Value="src/auth/LoginForm.pas"/>
        <Caret Line="17" Column="37"/>
      </Position>
      <Position>
        <Filename Value="src/auth/LoginForm.pas"/>
        <Caret Column="11"/>
      </Position>
      <Position>
        <Filename Value="src/auth/LoginForm.pas"/>
        <Caret Line="67" Column="22" TopLine="47"/>
      </Position>
      <Position>
        <Filename Value="pesaje.lpr"/>
        <Caret Line="57" Column="3" TopLine="37"/>
      </Position>
      <Position>
        <Filename Value="src/forms/MainForm.pas"/>
        <Caret Line="25" Column="28" TopLine="13"/>
      </Position>
      <Position>
        <Filename Value="src/forms/MainForm.pas"/>
        <Caret Line="421" Column="60" TopLine="411"/>
      </Position>
      <Position>
        <Filename Value="src/forms/MainForm.pas"/>
      </Position>
      <Position>
        <Filename Value="src/forms/UsuariosFrame.pas"/>
        <Caret Line="577" Column="37" TopLine="565"/>
      </Position>
      <Position>
        <Filename Value="src/auth/LoginForm.pas"/>
        <Caret Line="67" Column="22" TopLine="47"/>
      </Position>
      <Position>
        <Filename Value="src/forms/UsuariosFrame.pas"/>
        <Caret Line="656" Column="18" TopLine="645"/>
      </Position>
      <Position>
        <Filename Value="src/forms/UsuariosFrame.pas"/>
        <Caret Line="487" Column="5" TopLine="476"/>
      </Position>
      <Position>
        <Filename Value="src/forms/MainForm.pas"/>
      </Position>
      <Position>
        <Filename Value="src/auth/LoginForm.lfm"/>
      </Position>
      <Position>
        <Filename Value="src/auth/LoginForm.pas"/>
      </Position>
      <Position>
        <Filename Value="pesaje.lpr"/>
      </Position>
      <Position>
        <Filename Value="src/forms/PesajeFrame.pas"/>
        <Caret Line="158" Column="20" TopLine="139"/>
      </Position>
      <Position>
        <Filename Value="src/forms/PesajeFrame.pas"/>
        <Caret Line="87" Column="8" TopLine="75"/>
      </Position>
      <Position>
        <Filename Value="src/forms/PesajeFrame.pas"/>
        <Caret Line="88" Column="10" TopLine="76"/>
      </Position>
      <Position>
        <Filename Value="src/forms/PesajeFrame.pas"/>
        <Caret Line="258" Column="18" TopLine="258"/>
      </Position>
    </JumpHistory>
  </ProjectOptions>
  <CompilerOptions>
    <Version Value="11"/>
    <Target>
      <Filename Value="/Users/jaru/dev/lazarus-pesaje/pesaje"/>
    </Target>
    <SearchPaths>
      <IncludeFiles Value="/Users/jaru/synapse/"/>
      <OtherUnitFiles Value="units;src;src/database;src/auth;src/forms;src/utils;src/reports"/>
      <UnitOutputDirectory Value="lib"/>
    </SearchPaths>
    <Linking>
      <Debugging>
        <DebugInfoType Value="dsDwarf3"/>
      </Debugging>
    </Linking>
  </CompilerOptions>
</CONFIG>
