<?xml version="1.0" encoding="UTF-8"?>
<CONFIG>
  <ProjectOptions>
    <Version Value="12"/>
    <General>
      <Title Value="Capturador de Peso"/>
      <ResourceType Value="res"/>
    </General>
    <BuildModes>
      <Item Name="default" Default="True"/>
    </BuildModes>
    <PublishOptions>
      <Version Value="2"/>
      <UseFileFilters Value="True"/>
    </PublishOptions>
    <RunParams>
      <FormatVersion Value="2"/>
    </RunParams>
    <RequiredPackages>
      <Item>
        <PackageName Value="laz_synapse"/>
      </Item>
    </RequiredPackages>
    <Units>
      <Unit>
        <Filename Value="project1.lpr"/>
        <IsPartOfProject Value="True"/>
        <UsageCount Value="126"/>
      </Unit>
      <Unit>
        <Filename Value="units/UnitDashboard.pas"/>
        <IsPartOfProject Value="True"/>
        <ComponentName Value="FormDashboard"/>
        <UsageCount Value="21"/>
      </Unit>
      <Unit>
        <Filename Value="units/UnitManual.pas"/>
        <IsPartOfProject Value="True"/>
        <ComponentName Value="FormManual"/>
        <EditorIndex Value="2"/>
        <TopLine Value="239"/>
        <CursorPos X="56" Y="253"/>
        <UsageCount Value="96"/>
        <Loaded Value="True"/>
      </Unit>
      <Unit>
        <Filename Value="../../fpcupdeluxe/lazarus/lcl/include/control.inc"/>
        <IsVisibleTab Value="True"/>
        <TopLine Value="3601"/>
        <CursorPos Y="3613"/>
        <UsageCount Value="50"/>
        <Loaded Value="True"/>
      </Unit>
      <Unit>
        <Filename Value="../../fpcupdeluxe/lazarus/lcl/interfaces/cocoa/cocoaapplication.pas"/>
        <UnitName Value="CocoaApplication"/>
        <EditorIndex Value="1"/>
        <TopLine Value="476"/>
        <CursorPos Y="486"/>
        <UsageCount Value="50"/>
        <Loaded Value="True"/>
      </Unit>
    </Units>
    <JumpHistory HistoryIndex="22">
      <Position>
        <Filename Value="../../fpcupdeluxe/lazarus/lcl/include/control.inc"/>
        <Caret Line="3613" TopLine="3601"/>
      </Position>
      <Position>
        <Filename Value="../../fpcupdeluxe/lazarus/lcl/interfaces/cocoa/cocoaapplication.pas"/>
        <Caret Line="486" TopLine="476"/>
      </Position>
      <Position>
        <Filename Value="units/UnitManual.pas"/>
        <Caret Column="19"/>
      </Position>
      <Position>
        <Filename Value="units/UnitManual.pas"/>
        <Caret Line="62" Column="6" TopLine="44"/>
      </Position>
      <Position>
        <Filename Value="units/UnitManual.pas"/>
        <Caret Line="285" Column="26" TopLine="274"/>
      </Position>
      <Position>
        <Filename Value="units/UnitManual.pas"/>
        <Caret Line="410" Column="3" TopLine="399"/>
      </Position>
      <Position>
        <Filename Value="units/UnitManual.pas"/>
        <Caret Line="412" Column="28" TopLine="400"/>
      </Position>
      <Position>
        <Filename Value="units/UnitManual.pas"/>
        <Caret Line="70" Column="6" TopLine="61"/>
      </Position>
      <Position>
        <Filename Value="units/UnitManual.pas"/>
        <Caret Line="74" Column="14" TopLine="63"/>
      </Position>
      <Position>
        <Filename Value="units/UnitManual.pas"/>
        <Caret Line="510" TopLine="498"/>
      </Position>
      <Position>
        <Filename Value="units/UnitManual.pas"/>
        <Caret Line="157" Column="19" TopLine="146"/>
      </Position>
      <Position>
        <Filename Value="units/UnitManual.pas"/>
        <Caret Line="737" Column="4" TopLine="714"/>
      </Position>
      <Position>
        <Filename Value="units/UnitManual.pas"/>
        <Caret Line="505" Column="19" TopLine="494"/>
      </Position>
      <Position>
        <Filename Value="units/UnitManual.pas"/>
        <Caret Line="737" Column="4" TopLine="714"/>
      </Position>
      <Position>
        <Filename Value="units/UnitManual.pas"/>
        <Caret Line="209" Column="19" TopLine="198"/>
      </Position>
      <Position>
        <Filename Value="units/UnitManual.pas"/>
        <Caret Line="342" Column="19" TopLine="331"/>
      </Position>
      <Position>
        <Filename Value="units/UnitManual.pas"/>
        <Caret Line="433" Column="19" TopLine="422"/>
      </Position>
      <Position>
        <Filename Value="units/UnitManual.pas"/>
        <Caret Line="470" Column="19" TopLine="460"/>
      </Position>
      <Position>
        <Filename Value="units/UnitManual.pas"/>
        <Caret Line="250" Column="19" TopLine="239"/>
      </Position>
      <Position>
        <Filename Value="units/UnitManual.pas"/>
        <Caret Line="253" Column="56" TopLine="239"/>
      </Position>
      <Position>
        <Filename Value="../../fpcupdeluxe/lazarus/lcl/interfaces/cocoa/cocoaapplication.pas"/>
        <Caret Line="486" TopLine="476"/>
      </Position>
      <Position>
        <Filename Value="../../fpcupdeluxe/lazarus/lcl/include/control.inc"/>
        <Caret Line="3609" Column="41" TopLine="3601"/>
      </Position>
      <Position>
        <Filename Value="../../fpcupdeluxe/lazarus/lcl/include/control.inc"/>
        <Caret Line="3606" TopLine="3601"/>
      </Position>
    </JumpHistory>
  </ProjectOptions>
  <CompilerOptions>
    <Version Value="11"/>
    <Target>
      <Filename Value="project1"/>
    </Target>
    <SearchPaths>
      <IncludeFiles Value="/Users/jaru/synapse/"/>
      <OtherUnitFiles Value="units"/>
      <UnitOutputDirectory Value="lib"/>
    </SearchPaths>
    <Linking>
      <Debugging>
        <DebugInfoType Value="dsDwarf3"/>
      </Debugging>
    </Linking>
  </CompilerOptions>
</CONFIG>
