<?xml version="1.0" encoding="UTF-8"?>
<CONFIG>
  <ProjectOptions>
    <Version Value="12"/>
    <General>
      <Title Value="Capturador de Peso"/>
      <ResourceType Value="res"/>
    </General>
    <BuildModes>
      <Item Name="default" Default="True"/>
    </BuildModes>
    <PublishOptions>
      <Version Value="2"/>
      <UseFileFilters Value="True"/>
    </PublishOptions>
    <RunParams>
      <FormatVersion Value="2"/>
    </RunParams>
    <Units>
      <Unit>
        <Filename Value="project1.lpr"/>
        <IsPartOfProject Value="True"/>
        <UsageCount Value="35"/>
      </Unit>
      <Unit>
        <Filename Value="units/main.pas"/>
        <IsPartOfProject Value="True"/>
        <ComponentName Value="Form1"/>
        <UnitName Value="Main"/>
        <IsVisibleTab Value="True"/>
        <EditorIndex Value="1"/>
        <TopLine Value="29"/>
        <CursorPos X="10" Y="46"/>
        <UsageCount Value="35"/>
        <Loaded Value="True"/>
      </Unit>
      <Unit>
        <Filename Value="../../fpcupdeluxe/lazarus/lcl/interfaces/cocoa/cocoaapplication.pas"/>
        <UnitName Value="CocoaApplication"/>
        <TopLine Value="476"/>
        <CursorPos Y="486"/>
        <UsageCount Value="16"/>
        <Loaded Value="True"/>
      </Unit>
    </Units>
    <JumpHistory HistoryIndex="3">
      <Position>
        <Filename Value="../../fpcupdeluxe/lazarus/lcl/interfaces/cocoa/cocoaapplication.pas"/>
        <Caret Line="488" Column="18" TopLine="481"/>
      </Position>
      <Position>
        <Filename Value="units/main.pas"/>
        <Caret Line="7"/>
      </Position>
      <Position>
        <Filename Value="units/main.pas"/>
        <Caret Line="8" Column="7"/>
      </Position>
      <Position>
        <Filename Value="units/main.pas"/>
        <Caret Line="46" Column="10" TopLine="29"/>
      </Position>
    </JumpHistory>
  </ProjectOptions>
  <CompilerOptions>
    <Version Value="11"/>
    <Target>
      <Filename Value="project1"/>
    </Target>
    <SearchPaths>
      <OtherUnitFiles Value="units"/>
      <UnitOutputDirectory Value="lib"/>
    </SearchPaths>
    <Linking>
      <Debugging>
        <DebugInfoType Value="dsDwarf3"/>
      </Debugging>
    </Linking>
  </CompilerOptions>
</CONFIG>
