<?xml version="1.0" encoding="UTF-8"?>
<CONFIG>
  <ProjectOptions>
    <Version Value="12"/>
    <General>
      <Title Value="Capturador de Peso"/>
      <ResourceType Value="res"/>
    </General>
    <BuildModes>
      <Item Name="default" Default="True"/>
    </BuildModes>
    <PublishOptions>
      <Version Value="2"/>
      <UseFileFilters Value="True"/>
    </PublishOptions>
    <RunParams>
      <FormatVersion Value="2"/>
    </RunParams>
    <RequiredPackages>
      <Item>
        <PackageName Value="laz_synapse"/>
      </Item>
    </RequiredPackages>
    <Units>
      <Unit>
        <Filename Value="project1.lpr"/>
        <IsPartOfProject Value="True"/>
        <UsageCount Value="50"/>
      </Unit>
      <Unit>
        <Filename Value="units/UnitPrincipal.pas"/>
        <IsPartOfProject Value="True"/>
        <ComponentName Value="FormPrincipal"/>
        <UnitName Value="UnitPrincipal"/>
        <IsVisibleTab Value="True"/>
        <UsageCount Value="10"/>
      </Unit>
      <Unit>
        <Filename Value="units/UnitManual.pas"/>
        <IsPartOfProject Value="True"/>
        <ComponentName Value="FormManual"/>
        <UnitName Value="UnitManual"/>
        <UsageCount Value="10"/>
      </Unit>
    </Units>
  </ProjectOptions>
  <CompilerOptions>
    <Version Value="11"/>
    <Target>
      <Filename Value="project1"/>
    </Target>
    <SearchPaths>
      <OtherUnitFiles Value="units"/>
      <UnitOutputDirectory Value="lib"/>
      <IncludeFiles Value="/Users/jaru/synapse"/>
    </SearchPaths>
    <Linking>
      <Debugging>
        <DebugInfoType Value="dsDwarf3"/>
      </Debugging>
    </Linking>
  </CompilerOptions>
</CONFIG>